
Microsoft Visual Studio Solution File, Format Version 12.00
# Visual Studio Version 16
VisualStudioVersion = 16.0.30804.86
MinimumVisualStudioVersion = 10.0.40219.1
Project("{FAE04EC0-301F-11D3-BF4B-00C04F79EFBC}") = "MausbachAssignment5", "Mausbach_Project5\MausbachAssignment5.csproj", "{09CB2B87-517A-44F7-B315-965F46C570B3}"
EndProject
Global
	GlobalSection(SolutionConfigurationPlatforms) = preSolution
		Debug|Any CPU = Debug|Any CPU
		Release|Any CPU = Release|Any CPU
	EndGlobalSection
	GlobalSection(ProjectConfigurationPlatforms) = postSolution
		{09CB2B87-517A-44F7-B315-965F46C570B3}.Debug|Any CPU.ActiveCfg = Debug|Any CPU
		{09CB2B87-517A-44F7-B315-965F46C570B3}.Debug|Any CPU.Build.0 = Debug|Any CPU
		{09CB2B87-517A-44F7-B315-965F46C570B3}.Release|Any CPU.ActiveCfg = Release|Any CPU
		{09CB2B87-517A-44F7-B315-965F46C570B3}.Release|Any CPU.Build.0 = Release|Any CPU
	EndGlobalSection
	GlobalSection(SolutionProperties) = preSolution
		HideSolutionNode = FALSE
	EndGlobalSection
	GlobalSection(ExtensibilityGlobals) = postSolution
		SolutionGuid = {7B492074-6E6D-4CB6-AB1F-17ED55488853}
	EndGlobalSection
EndGlobal
